{
  "requires": true,
  "lockfileVersion": 1,
  "dependencies": {
    "heapify": {
      "version": "0.4.0",
      "resolved": "https://registry.npmjs.org/heapify/-/heapify-0.4.0.tgz",
      "integrity": "sha512-vNb/lMpITi80EH0mUNoAOUromDvNJGIbGZhbGKpQbSdXYWMNxsujsmgMlW6HFd25VTI8Sq+Am9wqkSRYfOxPyQ=="
    }
  }
}
